PODS:
  - MBCircularProgressBar (0.3.5)
  - youtube-ios-player-helper (1.0.4)

DEPENDENCIES:
  - MBCircularProgressBar
  - youtube-ios-player-helper

SPEC REPOS:
  trunk:
    - MBCircularProgressBar
    - youtube-ios-player-helper

SPEC CHECKSUMS:
  MBCircularProgressBar: 0b795b722a5eb5b0923822f90474e2576a1a7855
  youtube-ios-player-helper: e9b97535e816db3152179d84d999bc1807ecd689

PODFILE CHECKSUM: 5b6a589e2f5be73944c3e3878a51862404d4dd80

COCOAPODS: 1.11.2
