// !$*UTF8*$!
{
	archiveVersion = 1;
	classes = {
	};
	objectVersion = 55;
	objects = {

/* Begin PBXBuildFile section */
		561A0FFA2805CBDF0097BBE7 /* Workout.swift in Sources */ = {isa = PBXBuildFile; fileRef = 561A0FE82805CBDF0097BBE7 /* Workout.swift */; };
		561A0FFC2805CBDF0097BBE7 /* ListVIewModel.swift in Sources */ = {isa = PBXBuildFile; fileRef = 561A0FEC2805CBDF0097BBE7 /* ListVIewModel.swift */; };
		561A0FFD2805CBDF0097BBE7 /* Extensions.swift in Sources */ = {isa = PBXBuildFile; fileRef = 561A0FEE2805CBDF0097BBE7 /* Extensions.swift */; };
		561A0FFE2805CBDF0097BBE7 /* DBdata.json in Resources */ = {isa = PBXBuildFile; fileRef = 561A0FEF2805CBDF0097BBE7 /* DBdata.json */; };
		561A10052805CBDF0097BBE7 /* WorkoutView.swift in Sources */ = {isa = PBXBuildFile; fileRef = 561A0FF82805CBDF0097BBE7 /* WorkoutView.swift */; };
		561A10062805CBDF0097BBE7 /* AppBarView.swift in Sources */ = {isa = PBXBuildFile; fileRef = 561A0FF92805CBDF0097BBE7 /* AppBarView.swift */; };
		561C4E1127F330C400AFAFCA /* AllWorkoutsViewController.swift in Sources */ = {isa = PBXBuildFile; fileRef = 561C4E1027F330C400AFAFCA /* AllWorkoutsViewController.swift */; };
		566CC1BB28072BE700D9A247 /* SettingsViewController.swift in Sources */ = {isa = PBXBuildFile; fileRef = 566CC1BA28072BE700D9A247 /* SettingsViewController.swift */; };
		566CC1BD28073E8C00D9A247 /* GoalViewController.swift in Sources */ = {isa = PBXBuildFile; fileRef = 566CC1BC28073E8B00D9A247 /* GoalViewController.swift */; };
		56AAE41C27EDDA8400FAECE3 /* SigninViewController.swift in Sources */ = {isa = PBXBuildFile; fileRef = 56AAE41B27EDDA8400FAECE3 /* SigninViewController.swift */; };
		56AAE41E27EDDA9300FAECE3 /* SignupViewController.swift in Sources */ = {isa = PBXBuildFile; fileRef = 56AAE41D27EDDA9300FAECE3 /* SignupViewController.swift */; };
		56AAE42027EDE03A00FAECE3 /* GoogleService-Info.plist in Resources */ = {isa = PBXBuildFile; fileRef = 56AAE41F27EDE03A00FAECE3 /* GoogleService-Info.plist */; };
		56AAE45A27EDEDEF00FAECE3 /* FirebaseAnalytics in Frameworks */ = {isa = PBXBuildFile; productRef = 56AAE45927EDEDEF00FAECE3 /* FirebaseAnalytics */; };
		56AAE45C27EDEDEF00FAECE3 /* FirebaseAppCheck in Frameworks */ = {isa = PBXBuildFile; productRef = 56AAE45B27EDEDEF00FAECE3 /* FirebaseAppCheck */; };
		56AAE45E27EDEDEF00FAECE3 /* FirebaseAuth in Frameworks */ = {isa = PBXBuildFile; productRef = 56AAE45D27EDEDEF00FAECE3 /* FirebaseAuth */; };
		56AAE46027F2278600FAECE3 /* ProfileViewController.swift in Sources */ = {isa = PBXBuildFile; fileRef = 56AAE45F27F2278500FAECE3 /* ProfileViewController.swift */; };
		56B7A78D28083384002C88A4 /* mainTabBarViewController.swift in Sources */ = {isa = PBXBuildFile; fileRef = 56B7A78C28083384002C88A4 /* mainTabBarViewController.swift */; };
		56EBE3F727D8E31D00B8BDDF /* AppDelegate.swift in Sources */ = {isa = PBXBuildFile; fileRef = 56EBE3F627D8E31D00B8BDDF /* AppDelegate.swift */; };
		56EBE3F927D8E31D00B8BDDF /* SceneDelegate.swift in Sources */ = {isa = PBXBuildFile; fileRef = 56EBE3F827D8E31D00B8BDDF /* SceneDelegate.swift */; };
		56EBE3FB27D8E31D00B8BDDF /* ViewController.swift in Sources */ = {isa = PBXBuildFile; fileRef = 56EBE3FA27D8E31D00B8BDDF /* ViewController.swift */; };
		56EBE40027D8E32000B8BDDF /* Assets.xcassets in Resources */ = {isa = PBXBuildFile; fileRef = 56EBE3FF27D8E32000B8BDDF /* Assets.xcassets */; };
		56EBE40327D8E32000B8BDDF /* LaunchScreen.storyboard in Resources */ = {isa = PBXBuildFile; fileRef = 56EBE40127D8E32000B8BDDF /* LaunchScreen.storyboard */; };
		56ED51142805A3DB005CD48E /* WorkoutsViewController.swift in Sources */ = {isa = PBXBuildFile; fileRef = 56ED51132805A3DB005CD48E /* WorkoutsViewController.swift */; };
		56EDE66327F60AD600E6E806 /* FavViewController.swift in Sources */ = {isa = PBXBuildFile; fileRef = 56EDE66227F60AD600E6E806 /* FavViewController.swift */; };
		56EFE6B42811614B0006DF56 /* Main.storyboard in Resources */ = {isa = PBXBuildFile; fileRef = 56EFE6B32811614B0006DF56 /* Main.storyboard */; };
		56EFE6BE281196D90006DF56 /* ListView.swift in Sources */ = {isa = PBXBuildFile; fileRef = 56EFE6BD281196D90006DF56 /* ListView.swift */; };
		56EFE6C02811E0240006DF56 /* ListViewB.swift in Sources */ = {isa = PBXBuildFile; fileRef = 56EFE6BF2811E0230006DF56 /* ListViewB.swift */; };
		56F0F6F128101F3600BB200F /* WelcomeViewController.swift in Sources */ = {isa = PBXBuildFile; fileRef = 56F0F6F028101F3600BB200F /* WelcomeViewController.swift */; };
		8036B1AF0A7EF2ED1963B6C1 /* Pods_LivingHealthy.framework in Frameworks */ = {isa = PBXBuildFile; fileRef = 1C1B8FE9352E070483BF1DAC /* Pods_LivingHealthy.framework */; };
/* End PBXBuildFile section */

/* Begin PBXFileReference section */
		1C1B8FE9352E070483BF1DAC /* Pods_LivingHealthy.framework */ = {isa = PBXFileReference; explicitFileType = wrapper.framework; includeInIndex = 0; path = Pods_LivingHealthy.framework; sourceTree = BUILT_PRODUCTS_DIR; };
		4FC4796EAF53E70011CB12B8 /* Pods-LivingHealthy.release.xcconfig */ = {isa = PBXFileReference; includeInIndex = 1; lastKnownFileType = text.xcconfig; name = "Pods-LivingHealthy.release.xcconfig"; path = "Target Support Files/Pods-LivingHealthy/Pods-LivingHealthy.release.xcconfig"; sourceTree = "<group>"; };
		561A0FE82805CBDF0097BBE7 /* Workout.swift */ = {isa = PBXFileReference; fileEncoding = 4; lastKnownFileType = sourcecode.swift; path = Workout.swift; sourceTree = "<group>"; };
		561A0FEC2805CBDF0097BBE7 /* ListVIewModel.swift */ = {isa = PBXFileReference; fileEncoding = 4; lastKnownFileType = sourcecode.swift; path = ListVIewModel.swift; sourceTree = "<group>"; };
		561A0FEE2805CBDF0097BBE7 /* Extensions.swift */ = {isa = PBXFileReference; fileEncoding = 4; lastKnownFileType = sourcecode.swift; path = Extensions.swift; sourceTree = "<group>"; };
		561A0FEF2805CBDF0097BBE7 /* DBdata.json */ = {isa = PBXFileReference; fileEncoding = 4; lastKnownFileType = text.json; path = DBdata.json; sourceTree = "<group>"; };
		561A0FF82805CBDF0097BBE7 /* WorkoutView.swift */ = {isa = PBXFileReference; fileEncoding = 4; lastKnownFileType = sourcecode.swift; path = WorkoutView.swift; sourceTree = "<group>"; };
		561A0FF92805CBDF0097BBE7 /* AppBarView.swift */ = {isa = PBXFileReference; fileEncoding = 4; lastKnownFileType = sourcecode.swift; path = AppBarView.swift; sourceTree = "<group>"; };
		561C4E1027F330C400AFAFCA /* AllWorkoutsViewController.swift */ = {isa = PBXFileReference; lastKnownFileType = sourcecode.swift; path = AllWorkoutsViewController.swift; sourceTree = "<group>"; };
		566CC1BA28072BE700D9A247 /* SettingsViewController.swift */ = {isa = PBXFileReference; lastKnownFileType = sourcecode.swift; path = SettingsViewController.swift; sourceTree = "<group>"; };
		566CC1BC28073E8B00D9A247 /* GoalViewController.swift */ = {isa = PBXFileReference; lastKnownFileType = sourcecode.swift; path = GoalViewController.swift; sourceTree = "<group>"; };
		56AAE41B27EDDA8400FAECE3 /* SigninViewController.swift */ = {isa = PBXFileReference; lastKnownFileType = sourcecode.swift; path = SigninViewController.swift; sourceTree = "<group>"; };
		56AAE41D27EDDA9300FAECE3 /* SignupViewController.swift */ = {isa = PBXFileReference; lastKnownFileType = sourcecode.swift; path = SignupViewController.swift; sourceTree = "<group>"; };
		56AAE41F27EDE03A00FAECE3 /* GoogleService-Info.plist */ = {isa = PBXFileReference; fileEncoding = 4; lastKnownFileType = text.plist.xml; path = "GoogleService-Info.plist"; sourceTree = "<group>"; };
		56AAE45F27F2278500FAECE3 /* ProfileViewController.swift */ = {isa = PBXFileReference; lastKnownFileType = sourcecode.swift; path = ProfileViewController.swift; sourceTree = "<group>"; };
		56B7A78C28083384002C88A4 /* mainTabBarViewController.swift */ = {isa = PBXFileReference; lastKnownFileType = sourcecode.swift; path = mainTabBarViewController.swift; sourceTree = "<group>"; };
		56EBE3F327D8E31D00B8BDDF /* LivingHealthy.app */ = {isa = PBXFileReference; explicitFileType = wrapper.application; includeInIndex = 0; path = LivingHealthy.app; sourceTree = BUILT_PRODUCTS_DIR; };
		56EBE3F627D8E31D00B8BDDF /* AppDelegate.swift */ = {isa = PBXFileReference; lastKnownFileType = sourcecode.swift; path = AppDelegate.swift; sourceTree = "<group>"; };
		56EBE3F827D8E31D00B8BDDF /* SceneDelegate.swift */ = {isa = PBXFileReference; lastKnownFileType = sourcecode.swift; path = SceneDelegate.swift; sourceTree = "<group>"; };
		56EBE3FA27D8E31D00B8BDDF /* ViewController.swift */ = {isa = PBXFileReference; lastKnownFileType = sourcecode.swift; path = ViewController.swift; sourceTree = "<group>"; };
		56EBE3FF27D8E32000B8BDDF /* Assets.xcassets */ = {isa = PBXFileReference; lastKnownFileType = folder.assetcatalog; path = Assets.xcassets; sourceTree = "<group>"; };
		56EBE40227D8E32000B8BDDF /* Base */ = {isa = PBXFileReference; lastKnownFileType = file.storyboard; name = Base; path = Base.lproj/LaunchScreen.storyboard; sourceTree = "<group>"; };
		56EBE40427D8E32000B8BDDF /* Info.plist */ = {isa = PBXFileReference; lastKnownFileType = text.plist.xml; path = Info.plist; sourceTree = "<group>"; };
		56ED51132805A3DB005CD48E /* WorkoutsViewController.swift */ = {isa = PBXFileReference; lastKnownFileType = sourcecode.swift; path = WorkoutsViewController.swift; sourceTree = "<group>"; };
		56EDE66227F60AD600E6E806 /* FavViewController.swift */ = {isa = PBXFileReference; lastKnownFileType = sourcecode.swift; path = FavViewController.swift; sourceTree = "<group>"; };
		56EFE6B32811614B0006DF56 /* Main.storyboard */ = {isa = PBXFileReference; fileEncoding = 4; lastKnownFileType = file.storyboard; path = Main.storyboard; sourceTree = "<group>"; };
		56EFE6B628116F410006DF56 /* Extensions.swift */ = {isa = PBXFileReference; lastKnownFileType = sourcecode.swift; path = Extensions.swift; sourceTree = "<group>"; };
		56EFE6B728116F410006DF56 /* ListVIewModel.swift */ = {isa = PBXFileReference; lastKnownFileType = sourcecode.swift; path = ListVIewModel.swift; sourceTree = "<group>"; };
		56EFE6B828116F420006DF56 /* DBdata.json */ = {isa = PBXFileReference; lastKnownFileType = text.json; path = DBdata.json; sourceTree = "<group>"; };
		56EFE6BA28116F420006DF56 /* WorkoutView.swift */ = {isa = PBXFileReference; lastKnownFileType = sourcecode.swift; path = WorkoutView.swift; sourceTree = "<group>"; };
		56EFE6BB28116F420006DF56 /* AppBarView.swift */ = {isa = PBXFileReference; lastKnownFileType = sourcecode.swift; path = AppBarView.swift; sourceTree = "<group>"; };
		56EFE6BC28116F420006DF56 /* Workout.swift */ = {isa = PBXFileReference; lastKnownFileType = sourcecode.swift; path = Workout.swift; sourceTree = "<group>"; };
		56EFE6BD281196D90006DF56 /* ListView.swift */ = {isa = PBXFileReference; lastKnownFileType = sourcecode.swift; name = ListView.swift; path = LivingHealthy/SwiftUI/ListView.swift; sourceTree = SOURCE_ROOT; };
		56EFE6BF2811E0230006DF56 /* ListViewB.swift */ = {isa = PBXFileReference; lastKnownFileType = sourcecode.swift; path = ListViewB.swift; sourceTree = "<group>"; };
		56F0F6F028101F3600BB200F /* WelcomeViewController.swift */ = {isa = PBXFileReference; lastKnownFileType = sourcecode.swift; path = WelcomeViewController.swift; sourceTree = "<group>"; };
		81AC9838E627289B5078D95B /* Pods-LivingHealthy.debug.xcconfig */ = {isa = PBXFileReference; includeInIndex = 1; lastKnownFileType = text.xcconfig; name = "Pods-LivingHealthy.debug.xcconfig"; path = "Target Support Files/Pods-LivingHealthy/Pods-LivingHealthy.debug.xcconfig"; sourceTree = "<group>"; };
/* End PBXFileReference section */

/* Begin PBXFrameworksBuildPhase section */
		56EBE3F027D8E31D00B8BDDF /* Frameworks */ = {
			isa = PBXFrameworksBuildPhase;
			buildActionMask = 2147483647;
			files = (
				56AAE45C27EDEDEF00FAECE3 /* FirebaseAppCheck in Frameworks */,
				56AAE45E27EDEDEF00FAECE3 /* FirebaseAuth in Frameworks */,
				56AAE45A27EDEDEF00FAECE3 /* FirebaseAnalytics in Frameworks */,
				8036B1AF0A7EF2ED1963B6C1 /* Pods_LivingHealthy.framework in Frameworks */,
			);
			runOnlyForDeploymentPostprocessing = 0;
		};
/* End PBXFrameworksBuildPhase section */

/* Begin PBXGroup section */
		0DF89CE5D5E12315539B0D6D /* Frameworks */ = {
			isa = PBXGroup;
			children = (
				1C1B8FE9352E070483BF1DAC /* Pods_LivingHealthy.framework */,
			);
			name = Frameworks;
			sourceTree = "<group>";
		};
		561A0FE72805CBDF0097BBE7 /* Model */ = {
			isa = PBXGroup;
			children = (
				561A0FE82805CBDF0097BBE7 /* Workout.swift */,
			);
			name = Model;
			path = "../../../../../Desktop/MyDelivery-main/MyDelivery/Model";
			sourceTree = "<group>";
		};
		561A0FEB2805CBDF0097BBE7 /* ViewModel */ = {
			isa = PBXGroup;
			children = (
				561A0FEC2805CBDF0097BBE7 /* ListVIewModel.swift */,
			);
			name = ViewModel;
			path = "../../../../../Desktop/MyDelivery-main/MyDelivery/ViewModel";
			sourceTree = "<group>";
		};
		561A0FED2805CBDF0097BBE7 /* Supporting Files */ = {
			isa = PBXGroup;
			children = (
				561A0FEE2805CBDF0097BBE7 /* Extensions.swift */,
				561A0FEF2805CBDF0097BBE7 /* DBdata.json */,
			);
			name = "Supporting Files";
			path = "../../../../../Downloads/MyDelivery-main/MyDelivery/Supporting Files";
			sourceTree = "<group>";
		};
		561A0FF62805CBDF0097BBE7 /* View */ = {
			isa = PBXGroup;
			children = (
				561A0FF82805CBDF0097BBE7 /* WorkoutView.swift */,
				56EFE6BD281196D90006DF56 /* ListView.swift */,
				561A0FF92805CBDF0097BBE7 /* AppBarView.swift */,
				56EFE6BF2811E0230006DF56 /* ListViewB.swift */,
			);
			name = View;
			path = "../../../../../Desktop/MyDelivery-main/MyDelivery/View";
			sourceTree = "<group>";
		};
		56B7A78B28083242002C88A4 /* ViewControllers */ = {
			isa = PBXGroup;
			children = (
				56AAE45F27F2278500FAECE3 /* ProfileViewController.swift */,
				56AAE41B27EDDA8400FAECE3 /* SigninViewController.swift */,
				56AAE41D27EDDA9300FAECE3 /* SignupViewController.swift */,
				56ED51132805A3DB005CD48E /* WorkoutsViewController.swift */,
				561C4E1027F330C400AFAFCA /* AllWorkoutsViewController.swift */,
				566CC1BC28073E8B00D9A247 /* GoalViewController.swift */,
				56EDE66227F60AD600E6E806 /* FavViewController.swift */,
				566CC1BA28072BE700D9A247 /* SettingsViewController.swift */,
				56B7A78C28083384002C88A4 /* mainTabBarViewController.swift */,
				56F0F6F028101F3600BB200F /* WelcomeViewController.swift */,
			);
			path = ViewControllers;
			sourceTree = "<group>";
		};
		56EBE3EA27D8E31D00B8BDDF = {
			isa = PBXGroup;
			children = (
				56EBE3F527D8E31D00B8BDDF /* LivingHealthy */,
				56EBE3F427D8E31D00B8BDDF /* Products */,
				8A009015D926BD183B293727 /* Pods */,
				0DF89CE5D5E12315539B0D6D /* Frameworks */,
			);
			sourceTree = "<group>";
		};
		56EBE3F427D8E31D00B8BDDF /* Products */ = {
			isa = PBXGroup;
			children = (
				56EBE3F327D8E31D00B8BDDF /* LivingHealthy.app */,
			);
			name = Products;
			sourceTree = "<group>";
		};
		56EBE3F527D8E31D00B8BDDF /* LivingHealthy */ = {
			isa = PBXGroup;
			children = (
				56EFE6B528116F330006DF56 /* SwiftUI */,
				56B7A78B28083242002C88A4 /* ViewControllers */,
				56AAE41F27EDE03A00FAECE3 /* GoogleService-Info.plist */,
				56EBE3F627D8E31D00B8BDDF /* AppDelegate.swift */,
				56EBE3F827D8E31D00B8BDDF /* SceneDelegate.swift */,
				56EBE3FA27D8E31D00B8BDDF /* ViewController.swift */,
				56EFE6B32811614B0006DF56 /* Main.storyboard */,
				56EBE3FF27D8E32000B8BDDF /* Assets.xcassets */,
				56EBE40127D8E32000B8BDDF /* LaunchScreen.storyboard */,
				56EBE40427D8E32000B8BDDF /* Info.plist */,
				561A0FE72805CBDF0097BBE7 /* Model */,
				561A0FED2805CBDF0097BBE7 /* Supporting Files */,
				561A0FF62805CBDF0097BBE7 /* View */,
				561A0FEB2805CBDF0097BBE7 /* ViewModel */,
			);
			path = LivingHealthy;
			sourceTree = "<group>";
		};
		56EFE6B528116F330006DF56 /* SwiftUI */ = {
			isa = PBXGroup;
			children = (
				56EFE6BC28116F420006DF56 /* Workout.swift */,
				56EFE6B628116F410006DF56 /* Extensions.swift */,
				56EFE6B828116F420006DF56 /* DBdata.json */,
				56EFE6BA28116F420006DF56 /* WorkoutView.swift */,
				56EFE6BB28116F420006DF56 /* AppBarView.swift */,
				56EFE6B728116F410006DF56 /* ListVIewModel.swift */,
			);
			path = SwiftUI;
			sourceTree = "<group>";
		};
		8A009015D926BD183B293727 /* Pods */ = {
			isa = PBXGroup;
			children = (
				81AC9838E627289B5078D95B /* Pods-LivingHealthy.debug.xcconfig */,
				4FC4796EAF53E70011CB12B8 /* Pods-LivingHealthy.release.xcconfig */,
			);
			path = Pods;
			sourceTree = "<group>";
		};
/* End PBXGroup section */

/* Begin PBXNativeTarget section */
		56EBE3F227D8E31D00B8BDDF /* LivingHealthy */ = {
			isa = PBXNativeTarget;
			buildConfigurationList = 56EBE40727D8E32000B8BDDF /* Build configuration list for PBXNativeTarget "LivingHealthy" */;
			buildPhases = (
				0357E9474398D992A8BC296D /* [CP] Check Pods Manifest.lock */,
				56EBE3EF27D8E31D00B8BDDF /* Sources */,
				56EBE3F027D8E31D00B8BDDF /* Frameworks */,
				56EBE3F127D8E31D00B8BDDF /* Resources */,
				0B835E3ACA315C8E77E7120F /* [CP] Embed Pods Frameworks */,
			);
			buildRules = (
			);
			dependencies = (
			);
			name = LivingHealthy;
			packageProductDependencies = (
				56AAE45927EDEDEF00FAECE3 /* FirebaseAnalytics */,
				56AAE45B27EDEDEF00FAECE3 /* FirebaseAppCheck */,
				56AAE45D27EDEDEF00FAECE3 /* FirebaseAuth */,
			);
			productName = LivingHealthy;
			productReference = 56EBE3F327D8E31D00B8BDDF /* LivingHealthy.app */;
			productType = "com.apple.product-type.application";
		};
/* End PBXNativeTarget section */

/* Begin PBXProject section */
		56EBE3EB27D8E31D00B8BDDF /* Project object */ = {
			isa = PBXProject;
			attributes = {
				BuildIndependentTargetsInParallel = 1;
				LastSwiftUpdateCheck = 1320;
				LastUpgradeCheck = 1320;
				TargetAttributes = {
					56EBE3F227D8E31D00B8BDDF = {
						CreatedOnToolsVersion = 13.2.1;
					};
				};
			};
			buildConfigurationList = 56EBE3EE27D8E31D00B8BDDF /* Build configuration list for PBXProject "LivingHealthy" */;
			compatibilityVersion = "Xcode 13.0";
			developmentRegion = en;
			hasScannedForEncodings = 0;
			knownRegions = (
				en,
				Base,
			);
			mainGroup = 56EBE3EA27D8E31D00B8BDDF;
			packageReferences = (
				56AAE45827EDEDEE00FAECE3 /* XCRemoteSwiftPackageReference "firebase-ios-sdk" */,
			);
			productRefGroup = 56EBE3F427D8E31D00B8BDDF /* Products */;
			projectDirPath = "";
			projectRoot = "";
			targets = (
				56EBE3F227D8E31D00B8BDDF /* LivingHealthy */,
			);
		};
/* End PBXProject section */

/* Begin PBXResourcesBuildPhase section */
		56EBE3F127D8E31D00B8BDDF /* Resources */ = {
			isa = PBXResourcesBuildPhase;
			buildActionMask = 2147483647;
			files = (
				561A0FFE2805CBDF0097BBE7 /* DBdata.json in Resources */,
				56EBE40327D8E32000B8BDDF /* LaunchScreen.storyboard in Resources */,
				56AAE42027EDE03A00FAECE3 /* GoogleService-Info.plist in Resources */,
				56EFE6B42811614B0006DF56 /* Main.storyboard in Resources */,
				56EBE40027D8E32000B8BDDF /* Assets.xcassets in Resources */,
			);
			runOnlyForDeploymentPostprocessing = 0;
		};
/* End PBXResourcesBuildPhase section */

/* Begin PBXShellScriptBuildPhase section */
		0357E9474398D992A8BC296D /* [CP] Check Pods Manifest.lock */ = {
			isa = PBXShellScriptBuildPhase;
			buildActionMask = 2147483647;
			files = (
			);
			inputFileListPaths = (
			);
			inputPaths = (
				"${PODS_PODFILE_DIR_PATH}/Podfile.lock",
				"${PODS_ROOT}/Manifest.lock",
			);
			name = "[CP] Check Pods Manifest.lock";
			outputFileListPaths = (
			);
			outputPaths = (
				"$(DERIVED_FILE_DIR)/Pods-LivingHealthy-checkManifestLockResult.txt",
			);
			runOnlyForDeploymentPostprocessing = 0;
			shellPath = /bin/sh;
			shellScript = "diff \"${PODS_PODFILE_DIR_PATH}/Podfile.lock\" \"${PODS_ROOT}/Manifest.lock\" > /dev/null\nif [ $? != 0 ] ; then\n    # print error to STDERR\n    echo \"error: The sandbox is not in sync with the Podfile.lock. Run 'pod install' or update your CocoaPods installation.\" >&2\n    exit 1\nfi\n# This output is used by Xcode 'outputs' to avoid re-running this script phase.\necho \"SUCCESS\" > \"${SCRIPT_OUTPUT_FILE_0}\"\n";
			showEnvVarsInLog = 0;
		};
		0B835E3ACA315C8E77E7120F /* [CP] Embed Pods Frameworks */ = {
			isa = PBXShellScriptBuildPhase;
			buildActionMask = 2147483647;
			files = (
			);
			inputFileListPaths = (
				"${PODS_ROOT}/Target Support Files/Pods-LivingHealthy/Pods-LivingHealthy-frameworks-${CONFIGURATION}-input-files.xcfilelist",
			);
			name = "[CP] Embed Pods Frameworks";
			outputFileListPaths = (
				"${PODS_ROOT}/Target Support Files/Pods-LivingHealthy/Pods-LivingHealthy-frameworks-${CONFIGURATION}-output-files.xcfilelist",
			);
			runOnlyForDeploymentPostprocessing = 0;
			shellPath = /bin/sh;
			shellScript = "\"${PODS_ROOT}/Target Support Files/Pods-LivingHealthy/Pods-LivingHealthy-frameworks.sh\"\n";
			showEnvVarsInLog = 0;
		};
/* End PBXShellScriptBuildPhase section */

/* Begin PBXSourcesBuildPhase section */
		56EBE3EF27D8E31D00B8BDDF /* Sources */ = {
			isa = PBXSourcesBuildPhase;
			buildActionMask = 2147483647;
			files = (
				56AAE46027F2278600FAECE3 /* ProfileViewController.swift in Sources */,
				56EFE6BE281196D90006DF56 /* ListView.swift in Sources */,
				561C4E1127F330C400AFAFCA /* AllWorkoutsViewController.swift in Sources */,
				56EFE6C02811E0240006DF56 /* ListViewB.swift in Sources */,
				56AAE41C27EDDA8400FAECE3 /* SigninViewController.swift in Sources */,
				561A10052805CBDF0097BBE7 /* WorkoutView.swift in Sources */,
				561A0FFA2805CBDF0097BBE7 /* Workout.swift in Sources */,
				56EBE3FB27D8E31D00B8BDDF /* ViewController.swift in Sources */,
				56AAE41E27EDDA9300FAECE3 /* SignupViewController.swift in Sources */,
				56EBE3F727D8E31D00B8BDDF /* AppDelegate.swift in Sources */,
				561A0FFD2805CBDF0097BBE7 /* Extensions.swift in Sources */,
				56EDE66327F60AD600E6E806 /* FavViewController.swift in Sources */,
				56B7A78D28083384002C88A4 /* mainTabBarViewController.swift in Sources */,
				566CC1BB28072BE700D9A247 /* SettingsViewController.swift in Sources */,
				561A10062805CBDF0097BBE7 /* AppBarView.swift in Sources */,
				56ED51142805A3DB005CD48E /* WorkoutsViewController.swift in Sources */,
				566CC1BD28073E8C00D9A247 /* GoalViewController.swift in Sources */,
				561A0FFC2805CBDF0097BBE7 /* ListVIewModel.swift in Sources */,
				56EBE3F927D8E31D00B8BDDF /* SceneDelegate.swift in Sources */,
				56F0F6F128101F3600BB200F /* WelcomeViewController.swift in Sources */,
			);
			runOnlyForDeploymentPostprocessing = 0;
		};
/* End PBXSourcesBuildPhase section */

/* Begin PBXVariantGroup section */
		56EBE40127D8E32000B8BDDF /* LaunchScreen.storyboard */ = {
			isa = PBXVariantGroup;
			children = (
				56EBE40227D8E32000B8BDDF /* Base */,
			);
			name = LaunchScreen.storyboard;
			sourceTree = "<group>";
		};
/* End PBXVariantGroup section */

/* Begin XCBuildConfiguration section */
		56EBE40527D8E32000B8BDDF /* Debug */ = {
			isa = XCBuildConfiguration;
			buildSettings = {
				ALWAYS_SEARCH_USER_PATHS = NO;
				CLANG_ANALYZER_NONNULL = YES;
				CLANG_ANALYZER_NUMBER_OBJECT_CONVERSION = YES_AGGRESSIVE;
				CLANG_CXX_LANGUAGE_STANDARD = "gnu++17";
				CLANG_CXX_LIBRARY = "libc++";
				CLANG_ENABLE_MODULES = YES;
				CLANG_ENABLE_OBJC_ARC = YES;
				CLANG_ENABLE_OBJC_WEAK = YES;
				CLANG_WARN_BLOCK_CAPTURE_AUTORELEASING = YES;
				CLANG_WARN_BOOL_CONVERSION = YES;
				CLANG_WARN_COMMA = YES;
				CLANG_WARN_CONSTANT_CONVERSION = YES;
				CLANG_WARN_DEPRECATED_OBJC_IMPLEMENTATIONS = YES;
				CLANG_WARN_DIRECT_OBJC_ISA_USAGE = YES_ERROR;
				CLANG_WARN_DOCUMENTATION_COMMENTS = YES;
				CLANG_WARN_EMPTY_BODY = YES;
				CLANG_WARN_ENUM_CONVERSION = YES;
				CLANG_WARN_INFINITE_RECURSION = YES;
				CLANG_WARN_INT_CONVERSION = YES;
				CLANG_WARN_NON_LITERAL_NULL_CONVERSION = YES;
				CLANG_WARN_OBJC_IMPLICIT_RETAIN_SELF = YES;
				CLANG_WARN_OBJC_LITERAL_CONVERSION = YES;
				CLANG_WARN_OBJC_ROOT_CLASS = YES_ERROR;
				CLANG_WARN_QUOTED_INCLUDE_IN_FRAMEWORK_HEADER = YES;
				CLANG_WARN_RANGE_LOOP_ANALYSIS = YES;
				CLANG_WARN_STRICT_PROTOTYPES = YES;
				CLANG_WARN_SUSPICIOUS_MOVE = YES;
				CLANG_WARN_UNGUARDED_AVAILABILITY = YES_AGGRESSIVE;
				CLANG_WARN_UNREACHABLE_CODE = YES;
				CLANG_WARN__DUPLICATE_METHOD_MATCH = YES;
				COPY_PHASE_STRIP = NO;
				DEBUG_INFORMATION_FORMAT = dwarf;
				ENABLE_STRICT_OBJC_MSGSEND = YES;
				ENABLE_TESTABILITY = YES;
				GCC_C_LANGUAGE_STANDARD = gnu11;
				GCC_DYNAMIC_NO_PIC = NO;
				GCC_NO_COMMON_BLOCKS = YES;
				GCC_OPTIMIZATION_LEVEL = 0;
				GCC_PREPROCESSOR_DEFINITIONS = (
					"DEBUG=1",
					"$(inherited)",
				);
				GCC_WARN_64_TO_32_BIT_CONVERSION = YES;
				GCC_WARN_ABOUT_RETURN_TYPE = YES_ERROR;
				GCC_WARN_UNDECLARED_SELECTOR = YES;
				GCC_WARN_UNINITIALIZED_AUTOS = YES_AGGRESSIVE;
				GCC_WARN_UNUSED_FUNCTION = YES;
				GCC_WARN_UNUSED_VARIABLE = YES;
				IPHONEOS_DEPLOYMENT_TARGET = 15.2;
				MTL_ENABLE_DEBUG_INFO = INCLUDE_SOURCE;
				MTL_FAST_MATH = YES;
				ONLY_ACTIVE_ARCH = YES;
				SDKROOT = iphoneos;
				SWIFT_ACTIVE_COMPILATION_CONDITIONS = DEBUG;
				SWIFT_OPTIMIZATION_LEVEL = "-Onone";
			};
			name = Debug;
		};
		56EBE40627D8E32000B8BDDF /* Release */ = {
			isa = XCBuildConfiguration;
			buildSettings = {
				ALWAYS_SEARCH_USER_PATHS = NO;
				CLANG_ANALYZER_NONNULL = YES;
				CLANG_ANALYZER_NUMBER_OBJECT_CONVERSION = YES_AGGRESSIVE;
				CLANG_CXX_LANGUAGE_STANDARD = "gnu++17";
				CLANG_CXX_LIBRARY = "libc++";
				CLANG_ENABLE_MODULES = YES;
				CLANG_ENABLE_OBJC_ARC = YES;
				CLANG_ENABLE_OBJC_WEAK = YES;
				CLANG_WARN_BLOCK_CAPTURE_AUTORELEASING = YES;
				CLANG_WARN_BOOL_CONVERSION = YES;
				CLANG_WARN_COMMA = YES;
				CLANG_WARN_CONSTANT_CONVERSION = YES;
				CLANG_WARN_DEPRECATED_OBJC_IMPLEMENTATIONS = YES;
				CLANG_WARN_DIRECT_OBJC_ISA_USAGE = YES_ERROR;
				CLANG_WARN_DOCUMENTATION_COMMENTS = YES;
				CLANG_WARN_EMPTY_BODY = YES;
				CLANG_WARN_ENUM_CONVERSION = YES;
				CLANG_WARN_INFINITE_RECURSION = YES;
				CLANG_WARN_INT_CONVERSION = YES;
				CLANG_WARN_NON_LITERAL_NULL_CONVERSION = YES;
				CLANG_WARN_OBJC_IMPLICIT_RETAIN_SELF = YES;
				CLANG_WARN_OBJC_LITERAL_CONVERSION = YES;
				CLANG_WARN_OBJC_ROOT_CLASS = YES_ERROR;
				CLANG_WARN_QUOTED_INCLUDE_IN_FRAMEWORK_HEADER = YES;
				CLANG_WARN_RANGE_LOOP_ANALYSIS = YES;
				CLANG_WARN_STRICT_PROTOTYPES = YES;
				CLANG_WARN_SUSPICIOUS_MOVE = YES;
				CLANG_WARN_UNGUARDED_AVAILABILITY = YES_AGGRESSIVE;
				CLANG_WARN_UNREACHABLE_CODE = YES;
				CLANG_WARN__DUPLICATE_METHOD_MATCH = YES;
				COPY_PHASE_STRIP = NO;
				DEBUG_INFORMATION_FORMAT = "dwarf-with-dsym";
				ENABLE_NS_ASSERTIONS = NO;
				ENABLE_STRICT_OBJC_MSGSEND = YES;
				GCC_C_LANGUAGE_STANDARD = gnu11;
				GCC_NO_COMMON_BLOCKS = YES;
				GCC_WARN_64_TO_32_BIT_CONVERSION = YES;
				GCC_WARN_ABOUT_RETURN_TYPE = YES_ERROR;
				GCC_WARN_UNDECLARED_SELECTOR = YES;
				GCC_WARN_UNINITIALIZED_AUTOS = YES_AGGRESSIVE;
				GCC_WARN_UNUSED_FUNCTION = YES;
				GCC_WARN_UNUSED_VARIABLE = YES;
				IPHONEOS_DEPLOYMENT_TARGET = 15.2;
				MTL_ENABLE_DEBUG_INFO = NO;
				MTL_FAST_MATH = YES;
				SDKROOT = iphoneos;
				SWIFT_COMPILATION_MODE = wholemodule;
				SWIFT_OPTIMIZATION_LEVEL = "-O";
				VALIDATE_PRODUCT = YES;
			};
			name = Release;
		};
		56EBE40827D8E32000B8BDDF /* Debug */ = {
			isa = XCBuildConfiguration;
			baseConfigurationReference = 81AC9838E627289B5078D95B /* Pods-LivingHealthy.debug.xcconfig */;
			buildSettings = {
				ASSETCATALOG_COMPILER_APPICON_NAME = AppIcon;
				ASSETCATALOG_COMPILER_GLOBAL_ACCENT_COLOR_NAME = AccentColor;
				CODE_SIGN_STYLE = Automatic;
				CURRENT_PROJECT_VERSION = 1;
				DEVELOPMENT_TEAM = UVTGPVST7V;
				GENERATE_INFOPLIST_FILE = YES;
				INFOPLIST_FILE = LivingHealthy/Info.plist;
				INFOPLIST_KEY_UIApplicationSupportsIndirectInputEvents = YES;
				INFOPLIST_KEY_UILaunchStoryboardName = LaunchScreen;
				INFOPLIST_KEY_UIMainStoryboardFile = Main;
				INFOPLIST_KEY_UISupportedInterfaceOrientations_iPad = "UIInterfaceOrientationPortrait UIInterfaceOrientationPortraitUpsideDown UIInterfaceOrientationLandscapeLeft UIInterfaceOrientationLandscapeRight";
				INFOPLIST_KEY_UISupportedInterfaceOrientations_iPhone = "UIInterfaceOrientationPortrait UIInterfaceOrientationLandscapeLeft UIInterfaceOrientationLandscapeRight";
				LD_RUNPATH_SEARCH_PATHS = (
					"$(inherited)",
					"@executable_path/Frameworks",
				);
				MARKETING_VERSION = 1.0;
				PRODUCT_BUNDLE_IDENTIFIER = LivingHealthy.LivingHealthy;
				PRODUCT_NAME = "$(TARGET_NAME)";
				SWIFT_EMIT_LOC_STRINGS = YES;
				SWIFT_VERSION = 5.0;
				TARGETED_DEVICE_FAMILY = "1,2";
			};
			name = Debug;
		};
		56EBE40927D8E32000B8BDDF /* Release */ = {
			isa = XCBuildConfiguration;
			baseConfigurationReference = 4FC4796EAF53E70011CB12B8 /* Pods-LivingHealthy.release.xcconfig */;
			buildSettings = {
				ASSETCATALOG_COMPILER_APPICON_NAME = AppIcon;
				ASSETCATALOG_COMPILER_GLOBAL_ACCENT_COLOR_NAME = AccentColor;
				CODE_SIGN_STYLE = Automatic;
				CURRENT_PROJECT_VERSION = 1;
				DEVELOPMENT_TEAM = UVTGPVST7V;
				GENERATE_INFOPLIST_FILE = YES;
				INFOPLIST_FILE = LivingHealthy/Info.plist;
				INFOPLIST_KEY_UIApplicationSupportsIndirectInputEvents = YES;
				INFOPLIST_KEY_UILaunchStoryboardName = LaunchScreen;
				INFOPLIST_KEY_UIMainStoryboardFile = Main;
				INFOPLIST_KEY_UISupportedInterfaceOrientations_iPad = "UIInterfaceOrientationPortrait UIInterfaceOrientationPortraitUpsideDown UIInterfaceOrientationLandscapeLeft UIInterfaceOrientationLandscapeRight";
				INFOPLIST_KEY_UISupportedInterfaceOrientations_iPhone = "UIInterfaceOrientationPortrait UIInterfaceOrientationLandscapeLeft UIInterfaceOrientationLandscapeRight";
				LD_RUNPATH_SEARCH_PATHS = (
					"$(inherited)",
					"@executable_path/Frameworks",
				);
				MARKETING_VERSION = 1.0;
				PRODUCT_BUNDLE_IDENTIFIER = LivingHealthy.LivingHealthy;
				PRODUCT_NAME = "$(TARGET_NAME)";
				SWIFT_EMIT_LOC_STRINGS = YES;
				SWIFT_VERSION = 5.0;
				TARGETED_DEVICE_FAMILY = "1,2";
			};
			name = Release;
		};
/* End XCBuildConfiguration section */

/* Begin XCConfigurationList section */
		56EBE3EE27D8E31D00B8BDDF /* Build configuration list for PBXProject "LivingHealthy" */ = {
			isa = XCConfigurationList;
			buildConfigurations = (
				56EBE40527D8E32000B8BDDF /* Debug */,
				56EBE40627D8E32000B8BDDF /* Release */,
			);
			defaultConfigurationIsVisible = 0;
			defaultConfigurationName = Release;
		};
		56EBE40727D8E32000B8BDDF /* Build configuration list for PBXNativeTarget "LivingHealthy" */ = {
			isa = XCConfigurationList;
			buildConfigurations = (
				56EBE40827D8E32000B8BDDF /* Debug */,
				56EBE40927D8E32000B8BDDF /* Release */,
			);
			defaultConfigurationIsVisible = 0;
			defaultConfigurationName = Release;
		};
/* End XCConfigurationList section */

/* Begin XCRemoteSwiftPackageReference section */
		56AAE45827EDEDEE00FAECE3 /* XCRemoteSwiftPackageReference "firebase-ios-sdk" */ = {
			isa = XCRemoteSwiftPackageReference;
			repositoryURL = "https://github.com/firebase/firebase-ios-sdk";
			requirement = {
				branch = master;
				kind = branch;
			};
		};
/* End XCRemoteSwiftPackageReference section */

/* Begin XCSwiftPackageProductDependency section */
		56AAE45927EDEDEF00FAECE3 /* FirebaseAnalytics */ = {
			isa = XCSwiftPackageProductDependency;
			package = 56AAE45827EDEDEE00FAECE3 /* XCRemoteSwiftPackageReference "firebase-ios-sdk" */;
			productName = FirebaseAnalytics;
		};
		56AAE45B27EDEDEF00FAECE3 /* FirebaseAppCheck */ = {
			isa = XCSwiftPackageProductDependency;
			package = 56AAE45827EDEDEE00FAECE3 /* XCRemoteSwiftPackageReference "firebase-ios-sdk" */;
			productName = FirebaseAppCheck;
		};
		56AAE45D27EDEDEF00FAECE3 /* FirebaseAuth */ = {
			isa = XCSwiftPackageProductDependency;
			package = 56AAE45827EDEDEE00FAECE3 /* XCRemoteSwiftPackageReference "firebase-ios-sdk" */;
			productName = FirebaseAuth;
		};
/* End XCSwiftPackageProductDependency section */
	};
	rootObject = 56EBE3EB27D8E31D00B8BDDF /* Project object */;
}
